
Microsoft Visual Studio Solution File, Format Version 12.00
# Visual Studio Version 17
VisualStudioVersion = 17.4.33213.308
MinimumVisualStudioVersion = 10.0.40219.1
Project("{2150E333-8FDC-42A3-9474-1A3956D46DE8}") = "src", "src", "{FD6E2E4E-D9FF-482C-ACBD-1C21BC32D144}"
EndProject
Project("{2150E333-8FDC-42A3-9474-1A3956D46DE8}") = "CampusVirtual", "CampusVirtual", "{26C2D01B-6F7C-4308-85FB-7A1FFB2EF8C5}"
EndProject
Project("{9A19103F-16F7-4668-BE54-9A1E7A4F7556}") = "CampusVirtual.API", "CampusVirtual.API\CampusVirtual.API.csproj", "{29E273B7-1C35-4D72-B72F-3F3A10A33A24}"
EndProject
Project("{9A19103F-16F7-4668-BE54-9A1E7A4F7556}") = "CampusVirtual.Domain", "CampusVirtual.Domain\CampusVirtual.Domain.csproj", "{511F56C5-2500-43C9-B374-7AAC3A075E00}"
EndProject
Project("{9A19103F-16F7-4668-BE54-9A1E7A4F7556}") = "CampusVirtual.Infrastructure", "CampusVirtual.Infrastructure\CampusVirtual.Infrastructure.csproj", "{B387DDF0-37E8-453A-B1DE-9FABCA0E6D5E}"
EndProject
Project("{9A19103F-16F7-4668-BE54-9A1E7A4F7556}") = "CampusVirtual.UseCases", "CampusVirtual.UseCases\CampusVirtual.UseCases.csproj", "{99AFBF10-9EF7-4448-83DC-226745B36B9D}"
EndProject
Project("{2150E333-8FDC-42A3-9474-1A3956D46DE8}") = "Users", "Users", "{BC33CAD5-5A07-43C2-8C1D-D0648C62CC23}"
EndProject
Project("{9A19103F-16F7-4668-BE54-9A1E7A4F7556}") = "Users.API", "Users.API\Users.API.csproj", "{EA5B1AC7-CD37-48CD-A4AC-F9259F4F59D9}"
EndProject
Project("{9A19103F-16F7-4668-BE54-9A1E7A4F7556}") = "Users.Domain", "Users.Domain\Users.Domain.csproj", "{B12B28DC-A34E-412A-BD53-00C2936825BC}"
EndProject
Project("{9A19103F-16F7-4668-BE54-9A1E7A4F7556}") = "Users.Infrastructure", "Users.Infrastructure\Users.Infrastructure.csproj", "{F2BC92E1-E4C4-4871-85E6-B6CF37D8D7E4}"
EndProject
Project("{9A19103F-16F7-4668-BE54-9A1E7A4F7556}") = "Users.UseCases", "Users.UseCases\Users.UseCases.csproj", "{A4A67235-8946-41C9-9D68-205D356168EC}"
EndProject
<<<<<<< HEAD
=======
Project("{2150E333-8FDC-42A3-9474-1A3956D46DE8}") = "Test", "Test", "{0BE6A749-AB66-4FB1-B6E2-B6C254AAA9EE}"
EndProject
Project("{2150E333-8FDC-42A3-9474-1A3956D46DE8}") = "CampusVirtualTest", "CampusVirtualTest", "{6B87178D-EFBD-4B9E-980A-A725F2B4DA4E}"
EndProject
Project("{2150E333-8FDC-42A3-9474-1A3956D46DE8}") = "UsersTest", "UsersTest", "{43628192-51D9-4605-97C1-06CC86E67369}"
EndProject
Project("{2150E333-8FDC-42A3-9474-1A3956D46DE8}") = "RegistrationTest", "RegistrationTest", "{A7CCD81E-71F9-43BC-95D9-4BB4039B758A}"
EndProject
Project("{2150E333-8FDC-42A3-9474-1A3956D46DE8}") = "LearningPathTest", "LearningPathTest", "{53B920A4-9413-47F5-890B-35175190C0EB}"
EndProject
Project("{2150E333-8FDC-42A3-9474-1A3956D46DE8}") = "ContentTest", "ContentTest", "{03DB9E0D-C0C8-40CC-A491-C6C6D6E55041}"
EndProject
Project("{2150E333-8FDC-42A3-9474-1A3956D46DE8}") = "CourseTest", "CourseTest", "{9CEB8260-F133-4334-953D-B774B24F0BAB}"
EndProject
Project("{2150E333-8FDC-42A3-9474-1A3956D46DE8}") = "Deliveries", "Deliveries", "{B78869F6-2F06-4561-A9D7-E0B22C3BBDC9}"
EndProject
Project("{FAE04EC0-301F-11D3-BF4B-00C04F79EFBC}") = "ContentTestRepository", "ContentTestRepository\ContentTestRepository.csproj", "{0593A2ED-80C2-4208-8A70-C438B302046D}"
EndProject
>>>>>>> 29d6989d608f115b0383d9392229923244fd4684
Global
	GlobalSection(SolutionConfigurationPlatforms) = preSolution
		Debug|Any CPU = Debug|Any CPU
		Release|Any CPU = Release|Any CPU
	EndGlobalSection
	GlobalSection(ProjectConfigurationPlatforms) = postSolution
		{29E273B7-1C35-4D72-B72F-3F3A10A33A24}.Debug|Any CPU.ActiveCfg = Debug|Any CPU
		{29E273B7-1C35-4D72-B72F-3F3A10A33A24}.Debug|Any CPU.Build.0 = Debug|Any CPU
		{29E273B7-1C35-4D72-B72F-3F3A10A33A24}.Release|Any CPU.ActiveCfg = Release|Any CPU
		{29E273B7-1C35-4D72-B72F-3F3A10A33A24}.Release|Any CPU.Build.0 = Release|Any CPU
		{511F56C5-2500-43C9-B374-7AAC3A075E00}.Debug|Any CPU.ActiveCfg = Debug|Any CPU
		{511F56C5-2500-43C9-B374-7AAC3A075E00}.Debug|Any CPU.Build.0 = Debug|Any CPU
		{511F56C5-2500-43C9-B374-7AAC3A075E00}.Release|Any CPU.ActiveCfg = Release|Any CPU
		{511F56C5-2500-43C9-B374-7AAC3A075E00}.Release|Any CPU.Build.0 = Release|Any CPU
		{B387DDF0-37E8-453A-B1DE-9FABCA0E6D5E}.Debug|Any CPU.ActiveCfg = Debug|Any CPU
		{B387DDF0-37E8-453A-B1DE-9FABCA0E6D5E}.Debug|Any CPU.Build.0 = Debug|Any CPU
		{B387DDF0-37E8-453A-B1DE-9FABCA0E6D5E}.Release|Any CPU.ActiveCfg = Release|Any CPU
		{B387DDF0-37E8-453A-B1DE-9FABCA0E6D5E}.Release|Any CPU.Build.0 = Release|Any CPU
		{99AFBF10-9EF7-4448-83DC-226745B36B9D}.Debug|Any CPU.ActiveCfg = Debug|Any CPU
		{99AFBF10-9EF7-4448-83DC-226745B36B9D}.Debug|Any CPU.Build.0 = Debug|Any CPU
		{99AFBF10-9EF7-4448-83DC-226745B36B9D}.Release|Any CPU.ActiveCfg = Release|Any CPU
		{99AFBF10-9EF7-4448-83DC-226745B36B9D}.Release|Any CPU.Build.0 = Release|Any CPU
		{EA5B1AC7-CD37-48CD-A4AC-F9259F4F59D9}.Debug|Any CPU.ActiveCfg = Debug|Any CPU
		{EA5B1AC7-CD37-48CD-A4AC-F9259F4F59D9}.Debug|Any CPU.Build.0 = Debug|Any CPU
		{EA5B1AC7-CD37-48CD-A4AC-F9259F4F59D9}.Release|Any CPU.ActiveCfg = Release|Any CPU
		{EA5B1AC7-CD37-48CD-A4AC-F9259F4F59D9}.Release|Any CPU.Build.0 = Release|Any CPU
		{B12B28DC-A34E-412A-BD53-00C2936825BC}.Debug|Any CPU.ActiveCfg = Debug|Any CPU
		{B12B28DC-A34E-412A-BD53-00C2936825BC}.Debug|Any CPU.Build.0 = Debug|Any CPU
		{B12B28DC-A34E-412A-BD53-00C2936825BC}.Release|Any CPU.ActiveCfg = Release|Any CPU
		{B12B28DC-A34E-412A-BD53-00C2936825BC}.Release|Any CPU.Build.0 = Release|Any CPU
		{F2BC92E1-E4C4-4871-85E6-B6CF37D8D7E4}.Debug|Any CPU.ActiveCfg = Debug|Any CPU
		{F2BC92E1-E4C4-4871-85E6-B6CF37D8D7E4}.Debug|Any CPU.Build.0 = Debug|Any CPU
		{F2BC92E1-E4C4-4871-85E6-B6CF37D8D7E4}.Release|Any CPU.ActiveCfg = Release|Any CPU
		{F2BC92E1-E4C4-4871-85E6-B6CF37D8D7E4}.Release|Any CPU.Build.0 = Release|Any CPU
		{A4A67235-8946-41C9-9D68-205D356168EC}.Debug|Any CPU.ActiveCfg = Debug|Any CPU
		{A4A67235-8946-41C9-9D68-205D356168EC}.Debug|Any CPU.Build.0 = Debug|Any CPU
		{A4A67235-8946-41C9-9D68-205D356168EC}.Release|Any CPU.ActiveCfg = Release|Any CPU
		{A4A67235-8946-41C9-9D68-205D356168EC}.Release|Any CPU.Build.0 = Release|Any CPU
<<<<<<< HEAD
=======
		{0593A2ED-80C2-4208-8A70-C438B302046D}.Debug|Any CPU.ActiveCfg = Debug|Any CPU
		{0593A2ED-80C2-4208-8A70-C438B302046D}.Debug|Any CPU.Build.0 = Debug|Any CPU
		{0593A2ED-80C2-4208-8A70-C438B302046D}.Release|Any CPU.ActiveCfg = Release|Any CPU
		{0593A2ED-80C2-4208-8A70-C438B302046D}.Release|Any CPU.Build.0 = Release|Any CPU
>>>>>>> 29d6989d608f115b0383d9392229923244fd4684
	EndGlobalSection
	GlobalSection(SolutionProperties) = preSolution
		HideSolutionNode = FALSE
	EndGlobalSection
	GlobalSection(NestedProjects) = preSolution
		{26C2D01B-6F7C-4308-85FB-7A1FFB2EF8C5} = {FD6E2E4E-D9FF-482C-ACBD-1C21BC32D144}
		{29E273B7-1C35-4D72-B72F-3F3A10A33A24} = {26C2D01B-6F7C-4308-85FB-7A1FFB2EF8C5}
		{511F56C5-2500-43C9-B374-7AAC3A075E00} = {26C2D01B-6F7C-4308-85FB-7A1FFB2EF8C5}
		{B387DDF0-37E8-453A-B1DE-9FABCA0E6D5E} = {26C2D01B-6F7C-4308-85FB-7A1FFB2EF8C5}
		{99AFBF10-9EF7-4448-83DC-226745B36B9D} = {26C2D01B-6F7C-4308-85FB-7A1FFB2EF8C5}
		{BC33CAD5-5A07-43C2-8C1D-D0648C62CC23} = {FD6E2E4E-D9FF-482C-ACBD-1C21BC32D144}
		{EA5B1AC7-CD37-48CD-A4AC-F9259F4F59D9} = {BC33CAD5-5A07-43C2-8C1D-D0648C62CC23}
		{B12B28DC-A34E-412A-BD53-00C2936825BC} = {BC33CAD5-5A07-43C2-8C1D-D0648C62CC23}
		{F2BC92E1-E4C4-4871-85E6-B6CF37D8D7E4} = {BC33CAD5-5A07-43C2-8C1D-D0648C62CC23}
		{A4A67235-8946-41C9-9D68-205D356168EC} = {BC33CAD5-5A07-43C2-8C1D-D0648C62CC23}
<<<<<<< HEAD
=======
		{6B87178D-EFBD-4B9E-980A-A725F2B4DA4E} = {0BE6A749-AB66-4FB1-B6E2-B6C254AAA9EE}
		{43628192-51D9-4605-97C1-06CC86E67369} = {0BE6A749-AB66-4FB1-B6E2-B6C254AAA9EE}
		{A7CCD81E-71F9-43BC-95D9-4BB4039B758A} = {6B87178D-EFBD-4B9E-980A-A725F2B4DA4E}
		{53B920A4-9413-47F5-890B-35175190C0EB} = {6B87178D-EFBD-4B9E-980A-A725F2B4DA4E}
		{03DB9E0D-C0C8-40CC-A491-C6C6D6E55041} = {6B87178D-EFBD-4B9E-980A-A725F2B4DA4E}
		{9CEB8260-F133-4334-953D-B774B24F0BAB} = {6B87178D-EFBD-4B9E-980A-A725F2B4DA4E}
		{B78869F6-2F06-4561-A9D7-E0B22C3BBDC9} = {6B87178D-EFBD-4B9E-980A-A725F2B4DA4E}
		{0593A2ED-80C2-4208-8A70-C438B302046D} = {03DB9E0D-C0C8-40CC-A491-C6C6D6E55041}
>>>>>>> 29d6989d608f115b0383d9392229923244fd4684
	EndGlobalSection
	GlobalSection(ExtensibilityGlobals) = postSolution
		SolutionGuid = {FA62D8E5-DAFD-4A45-9942-B6DE137331CF}
	EndGlobalSection
EndGlobal
